# This file is autogenerated, do not edit; changes may be undone by the next 'dep ensure'.


[[projects]]
  branch = "master"
  name = "github.com/BurntSushi/xgb"
  packages = [".","randr","render","xproto"]
  revision = "27f122750802c950b2c869a5b63dafcf590ced95"

[solve-meta]
  analyzer-name = "dep"
  analyzer-version = 1
  inputs-digest = "c74aa787d01aac7420e8f0d9a47318d91faae24a19896087b7e611fe137d7c25"
  solver-name = "gps-cdcl"
  solver-version = 1
